
Microsoft Visual Studio Solution File, Format Version 12.00
# Visual Studio 2012
Project("{FAE04EC0-301F-11D3-BF4B-00C04F79EFBC}") = "Annoyances.Net", "Annoyances.Net.csproj", "{ABC0B442-19EC-40BE-AEA0-532CB1C7CD77}"
EndProject
Project("{FAE04EC0-301F-11D3-BF4B-00C04F79EFBC}") = "Annoyances.Net.Tests", "tests\Annoyances.Net.Tests.csproj", "{3F3C11B3-CAA3-4EC5-B5EF-02B3C355EDC9}"
EndProject
Global
	GlobalSection(SolutionConfigurationPlatforms) = preSolution
		Debug|Any CPU = Debug|Any CPU
		Release|Any CPU = Release|Any CPU
	EndGlobalSection
	GlobalSection(ProjectConfigurationPlatforms) = postSolution
		{ABC0B442-19EC-40BE-AEA0-532CB1C7CD77}.Debug|Any CPU.ActiveCfg = Debug|Any CPU
		{ABC0B442-19EC-40BE-AEA0-532CB1C7CD77}.Debug|Any CPU.Build.0 = Debug|Any CPU
		{ABC0B442-19EC-40BE-AEA0-532CB1C7CD77}.Release|Any CPU.ActiveCfg = Release|Any CPU
		{ABC0B442-19EC-40BE-AEA0-532CB1C7CD77}.Release|Any CPU.Build.0 = Release|Any CPU
		{3F3C11B3-CAA3-4EC5-B5EF-02B3C355EDC9}.Debug|Any CPU.ActiveCfg = Debug|Any CPU
		{3F3C11B3-CAA3-4EC5-B5EF-02B3C355EDC9}.Debug|Any CPU.Build.0 = Debug|Any CPU
		{3F3C11B3-CAA3-4EC5-B5EF-02B3C355EDC9}.Release|Any CPU.ActiveCfg = Release|Any CPU
		{3F3C11B3-CAA3-4EC5-B5EF-02B3C355EDC9}.Release|Any CPU.Build.0 = Release|Any CPU
	EndGlobalSection
	GlobalSection(SolutionProperties) = preSolution
		HideSolutionNode = FALSE
	EndGlobalSection
EndGlobal
